
Microsoft Visual Studio Solution File, Format Version 12.00
# Visual Studio Version 17
VisualStudioVersion = 17.11.35208.52
MinimumVisualStudioVersion = 10.0.40219.1
Project("{FAE04EC0-301F-11D3-BF4B-00C04F79EFBC}") = "Markdwn", "Markdwn.csproj", "{7E76C887-D2A3-4131-B253-BDE0D8088CFA}"
EndProject
Project("{FAE04EC0-301F-11D3-BF4B-00C04F79EFBC}") = "MarkdownTest", "..\MarkdownTest\MarkdownTest.csproj", "{F8F4F421-D0CA-44AF-9684-A8E05DFFED67}"
EndProject
Global
	GlobalSection(SolutionConfigurationPlatforms) = preSolution
		Debug|Any CPU = Debug|Any CPU
		Release|Any CPU = Release|Any CPU
	EndGlobalSection
	GlobalSection(ProjectConfigurationPlatforms) = postSolution
		{7E76C887-D2A3-4131-B253-BDE0D8088CFA}.Debug|Any CPU.ActiveCfg = Debug|Any CPU
		{7E76C887-D2A3-4131-B253-BDE0D8088CFA}.Debug|Any CPU.Build.0 = Debug|Any CPU
		{7E76C887-D2A3-4131-B253-BDE0D8088CFA}.Release|Any CPU.ActiveCfg = Release|Any CPU
		{7E76C887-D2A3-4131-B253-BDE0D8088CFA}.Release|Any CPU.Build.0 = Release|Any CPU
		{F8F4F421-D0CA-44AF-9684-A8E05DFFED67}.Debug|Any CPU.ActiveCfg = Debug|Any CPU
		{F8F4F421-D0CA-44AF-9684-A8E05DFFED67}.Debug|Any CPU.Build.0 = Debug|Any CPU
		{F8F4F421-D0CA-44AF-9684-A8E05DFFED67}.Release|Any CPU.ActiveCfg = Release|Any CPU
		{F8F4F421-D0CA-44AF-9684-A8E05DFFED67}.Release|Any CPU.Build.0 = Release|Any CPU
	EndGlobalSection
	GlobalSection(SolutionProperties) = preSolution
		HideSolutionNode = FALSE
	EndGlobalSection
	GlobalSection(ExtensibilityGlobals) = postSolution
		SolutionGuid = {6261D27C-5D76-498C-8F12-5BD9EB0BBB8D}
	EndGlobalSection
EndGlobal
