
Microsoft Visual Studio Solution File, Format Version 12.00
# Visual Studio Version 17
VisualStudioVersion = 17.10.35027.167
MinimumVisualStudioVersion = 10.0.40219.1
Project("{9A19103F-16F7-4668-BE54-9A1E7A4F7556}") = "Markdown", "Markdown\Markdown.csproj", "{E2CB65B6-8449-4940-8F50-393B8721F151}"
EndProject
Project("{9A19103F-16F7-4668-BE54-9A1E7A4F7556}") = "MarkdownTests", "MarkdownTests\MarkdownTests.csproj", "{AE518161-1417-4A9C-BE81-82082C88185A}"
EndProject
Project("{9A19103F-16F7-4668-BE54-9A1E7A4F7556}") = "Test", "Test\Test.csproj", "{C394465B-2B7F-4049-841C-0E4D4F78567D}"
EndProject
Project("{FAE04EC0-301F-11D3-BF4B-00C04F79EFBC}") = "WebA", "WebA\WebA.csproj", "{1F9D0C9E-8E26-4765-A30A-A71E249AA829}"
EndProject
Global
	GlobalSection(SolutionConfigurationPlatforms) = preSolution
		Debug|Any CPU = Debug|Any CPU
		Release|Any CPU = Release|Any CPU
	EndGlobalSection
	GlobalSection(ProjectConfigurationPlatforms) = postSolution
		{E2CB65B6-8449-4940-8F50-393B8721F151}.Debug|Any CPU.ActiveCfg = Debug|Any CPU
		{E2CB65B6-8449-4940-8F50-393B8721F151}.Debug|Any CPU.Build.0 = Debug|Any CPU
		{E2CB65B6-8449-4940-8F50-393B8721F151}.Release|Any CPU.ActiveCfg = Release|Any CPU
		{E2CB65B6-8449-4940-8F50-393B8721F151}.Release|Any CPU.Build.0 = Release|Any CPU
		{AE518161-1417-4A9C-BE81-82082C88185A}.Debug|Any CPU.ActiveCfg = Debug|Any CPU
		{AE518161-1417-4A9C-BE81-82082C88185A}.Debug|Any CPU.Build.0 = Debug|Any CPU
		{AE518161-1417-4A9C-BE81-82082C88185A}.Release|Any CPU.ActiveCfg = Release|Any CPU
		{AE518161-1417-4A9C-BE81-82082C88185A}.Release|Any CPU.Build.0 = Release|Any CPU
		{C394465B-2B7F-4049-841C-0E4D4F78567D}.Debug|Any CPU.ActiveCfg = Debug|Any CPU
		{C394465B-2B7F-4049-841C-0E4D4F78567D}.Debug|Any CPU.Build.0 = Debug|Any CPU
		{C394465B-2B7F-4049-841C-0E4D4F78567D}.Release|Any CPU.ActiveCfg = Release|Any CPU
		{C394465B-2B7F-4049-841C-0E4D4F78567D}.Release|Any CPU.Build.0 = Release|Any CPU
		{1F9D0C9E-8E26-4765-A30A-A71E249AA829}.Debug|Any CPU.ActiveCfg = Debug|Any CPU
		{1F9D0C9E-8E26-4765-A30A-A71E249AA829}.Debug|Any CPU.Build.0 = Debug|Any CPU
		{1F9D0C9E-8E26-4765-A30A-A71E249AA829}.Release|Any CPU.ActiveCfg = Release|Any CPU
		{1F9D0C9E-8E26-4765-A30A-A71E249AA829}.Release|Any CPU.Build.0 = Release|Any CPU
	EndGlobalSection
	GlobalSection(SolutionProperties) = preSolution
		HideSolutionNode = FALSE
	EndGlobalSection
	GlobalSection(ExtensibilityGlobals) = postSolution
		SolutionGuid = {CCF2B0A5-4669-4292-83B1-3A76DBC93486}
	EndGlobalSection
EndGlobal
