
Microsoft Visual Studio Solution File, Format Version 12.00
Project("{FAE04EC0-301F-11D3-BF4B-00C04F79EFBC}") = "Markdown", "Markdown\Markdown.csproj", "{1050496D-914E-478C-9B08-929F091E84D7}"
EndProject
Project("{FAE04EC0-301F-11D3-BF4B-00C04F79EFBC}") = "MarkdownTests", "MarkdownTests\MarkdownTests.csproj", "{0B0058D0-28DD-4A54-91C2-A1A4DAE38EA5}"
EndProject
Global
	GlobalSection(SolutionConfigurationPlatforms) = preSolution
		Debug|Any CPU = Debug|Any CPU
		Release|Any CPU = Release|Any CPU
	EndGlobalSection
	GlobalSection(ProjectConfigurationPlatforms) = postSolution
		{1050496D-914E-478C-9B08-929F091E84D7}.Debug|Any CPU.ActiveCfg = Debug|Any CPU
		{1050496D-914E-478C-9B08-929F091E84D7}.Debug|Any CPU.Build.0 = Debug|Any CPU
		{1050496D-914E-478C-9B08-929F091E84D7}.Release|Any CPU.ActiveCfg = Release|Any CPU
		{1050496D-914E-478C-9B08-929F091E84D7}.Release|Any CPU.Build.0 = Release|Any CPU
		{0B0058D0-28DD-4A54-91C2-A1A4DAE38EA5}.Debug|Any CPU.ActiveCfg = Debug|Any CPU
		{0B0058D0-28DD-4A54-91C2-A1A4DAE38EA5}.Debug|Any CPU.Build.0 = Debug|Any CPU
		{0B0058D0-28DD-4A54-91C2-A1A4DAE38EA5}.Release|Any CPU.ActiveCfg = Release|Any CPU
		{0B0058D0-28DD-4A54-91C2-A1A4DAE38EA5}.Release|Any CPU.Build.0 = Release|Any CPU
	EndGlobalSection
EndGlobal
