
Microsoft Visual Studio Solution File, Format Version 12.00
# Visual Studio Version 17
VisualStudioVersion = 17.9.34728.123
MinimumVisualStudioVersion = 10.0.40219.1
Project("{FAE04EC0-301F-11D3-BF4B-00C04F79EFBC}") = "MarkdownRender", "MarkdownRender\MarkdownRender.csproj", "{9192D764-6300-4828-A2D8-F4C8ED650409}"
EndProject
Project("{FAE04EC0-301F-11D3-BF4B-00C04F79EFBC}") = "MarkdownRenderText", "MarkdownRenderText\MarkdownRenderText.csproj", "{9864CD58-5029-42C7-845C-ED021293DEF7}"
EndProject
Global
	GlobalSection(SolutionConfigurationPlatforms) = preSolution
		Debug|Any CPU = Debug|Any CPU
		Release|Any CPU = Release|Any CPU
	EndGlobalSection
	GlobalSection(ProjectConfigurationPlatforms) = postSolution
		{9192D764-6300-4828-A2D8-F4C8ED650409}.Debug|Any CPU.ActiveCfg = Debug|Any CPU
		{9192D764-6300-4828-A2D8-F4C8ED650409}.Debug|Any CPU.Build.0 = Debug|Any CPU
		{9192D764-6300-4828-A2D8-F4C8ED650409}.Release|Any CPU.ActiveCfg = Release|Any CPU
		{9192D764-6300-4828-A2D8-F4C8ED650409}.Release|Any CPU.Build.0 = Release|Any CPU
		{9864CD58-5029-42C7-845C-ED021293DEF7}.Debug|Any CPU.ActiveCfg = Debug|Any CPU
		{9864CD58-5029-42C7-845C-ED021293DEF7}.Debug|Any CPU.Build.0 = Debug|Any CPU
		{9864CD58-5029-42C7-845C-ED021293DEF7}.Release|Any CPU.ActiveCfg = Release|Any CPU
		{9864CD58-5029-42C7-845C-ED021293DEF7}.Release|Any CPU.Build.0 = Release|Any CPU
	EndGlobalSection
	GlobalSection(SolutionProperties) = preSolution
		HideSolutionNode = FALSE
	EndGlobalSection
	GlobalSection(ExtensibilityGlobals) = postSolution
		SolutionGuid = {CD82E103-8C62-43E6-B811-50CCC63BCCC1}
	EndGlobalSection
EndGlobal
