
Microsoft Visual Studio Solution File, Format Version 12.00
# Visual Studio Version 17
VisualStudioVersion = 17.7.34024.191
MinimumVisualStudioVersion = 10.0.40219.1
Project("{9A19103F-16F7-4668-BE54-9A1E7A4F7556}") = "MarkdownProcessorLib", "MarkdownProcessor\MarkdownProcessorLib.csproj", "{D838D682-4B87-46D1-B2AD-559A777E6940}"
EndProject
Project("{FAE04EC0-301F-11D3-BF4B-00C04F79EFBC}") = "MarkdownProcessor.Tests", "MarkdownProcessor.Tests\MarkdownProcessor.Tests.csproj", "{5B736A69-34D5-4025-9A99-0A493DC40308}"
EndProject
Project("{FAE04EC0-301F-11D3-BF4B-00C04F79EFBC}") = "ProjectForTest", "ProjectForTest\ProjectForTest.csproj", "{C8B972E0-1926-4D48-AC6B-9AB717ECF765}"
EndProject
Global
	GlobalSection(SolutionConfigurationPlatforms) = preSolution
		Debug|Any CPU = Debug|Any CPU
		Release|Any CPU = Release|Any CPU
	EndGlobalSection
	GlobalSection(ProjectConfigurationPlatforms) = postSolution
		{D838D682-4B87-46D1-B2AD-559A777E6940}.Debug|Any CPU.ActiveCfg = Debug|Any CPU
		{D838D682-4B87-46D1-B2AD-559A777E6940}.Debug|Any CPU.Build.0 = Debug|Any CPU
		{D838D682-4B87-46D1-B2AD-559A777E6940}.Release|Any CPU.ActiveCfg = Release|Any CPU
		{D838D682-4B87-46D1-B2AD-559A777E6940}.Release|Any CPU.Build.0 = Release|Any CPU
		{5B736A69-34D5-4025-9A99-0A493DC40308}.Debug|Any CPU.ActiveCfg = Debug|Any CPU
		{5B736A69-34D5-4025-9A99-0A493DC40308}.Debug|Any CPU.Build.0 = Debug|Any CPU
		{5B736A69-34D5-4025-9A99-0A493DC40308}.Release|Any CPU.ActiveCfg = Release|Any CPU
		{5B736A69-34D5-4025-9A99-0A493DC40308}.Release|Any CPU.Build.0 = Release|Any CPU
		{C8B972E0-1926-4D48-AC6B-9AB717ECF765}.Debug|Any CPU.ActiveCfg = Debug|Any CPU
		{C8B972E0-1926-4D48-AC6B-9AB717ECF765}.Debug|Any CPU.Build.0 = Debug|Any CPU
		{C8B972E0-1926-4D48-AC6B-9AB717ECF765}.Release|Any CPU.ActiveCfg = Release|Any CPU
		{C8B972E0-1926-4D48-AC6B-9AB717ECF765}.Release|Any CPU.Build.0 = Release|Any CPU
	EndGlobalSection
	GlobalSection(SolutionProperties) = preSolution
		HideSolutionNode = FALSE
	EndGlobalSection
	GlobalSection(ExtensibilityGlobals) = postSolution
		SolutionGuid = {490FEFA2-CC06-4E5B-BF22-3EF0D60F0BD7}
	EndGlobalSection
EndGlobal
