
Microsoft Visual Studio Solution File, Format Version 12.00
# Visual Studio Version 17
VisualStudioVersion = 17.11.35208.52
MinimumVisualStudioVersion = 10.0.40219.1
Project("{9A19103F-16F7-4668-BE54-9A1E7A4F7556}") = "Markdown", "Markdown\Markdown.csproj", "{CA02E78A-50E4-4AEA-B798-8F0705ED1107}"
EndProject
Project("{FAE04EC0-301F-11D3-BF4B-00C04F79EFBC}") = "MarkdownTest", "MarkdownTest\MarkdownTest.csproj", "{D7DA6D5A-F57C-4BB8-A2EA-060601F83296}"
EndProject
Global
	GlobalSection(SolutionConfigurationPlatforms) = preSolution
		Debug|Any CPU = Debug|Any CPU
		Release|Any CPU = Release|Any CPU
	EndGlobalSection
	GlobalSection(ProjectConfigurationPlatforms) = postSolution
		{CA02E78A-50E4-4AEA-B798-8F0705ED1107}.Debug|Any CPU.ActiveCfg = Debug|Any CPU
		{CA02E78A-50E4-4AEA-B798-8F0705ED1107}.Debug|Any CPU.Build.0 = Debug|Any CPU
		{CA02E78A-50E4-4AEA-B798-8F0705ED1107}.Release|Any CPU.ActiveCfg = Release|Any CPU
		{CA02E78A-50E4-4AEA-B798-8F0705ED1107}.Release|Any CPU.Build.0 = Release|Any CPU
		{D7DA6D5A-F57C-4BB8-A2EA-060601F83296}.Debug|Any CPU.ActiveCfg = Debug|Any CPU
		{D7DA6D5A-F57C-4BB8-A2EA-060601F83296}.Debug|Any CPU.Build.0 = Debug|Any CPU
		{D7DA6D5A-F57C-4BB8-A2EA-060601F83296}.Release|Any CPU.ActiveCfg = Release|Any CPU
		{D7DA6D5A-F57C-4BB8-A2EA-060601F83296}.Release|Any CPU.Build.0 = Release|Any CPU
	EndGlobalSection
	GlobalSection(SolutionProperties) = preSolution
		HideSolutionNode = FALSE
	EndGlobalSection
	GlobalSection(ExtensibilityGlobals) = postSolution
		SolutionGuid = {8C5A7D52-4192-43FD-B3CA-70B67A36A4D6}
	EndGlobalSection
EndGlobal
